
Microsoft Visual Studio Solution File, Format Version 12.00
# Visual Studio Version 16
VisualStudioVersion = 16.0.29123.88
MinimumVisualStudioVersion = 10.0.40219.1
Project("{FAE04EC0-301F-11D3-BF4B-00C04F79EFBC}") = "PassportDatesCheck", "PassportDatesCheck\PassportDatesCheck.csproj", "{5833C839-3C8C-43E3-A7FE-D9E6E6706E78}"
EndProject
Global
	GlobalSection(SolutionConfigurationPlatforms) = preSolution
		Debug|Any CPU = Debug|Any CPU
		Release|Any CPU = Release|Any CPU
	EndGlobalSection
	GlobalSection(ProjectConfigurationPlatforms) = postSolution
		{5833C839-3C8C-43E3-A7FE-D9E6E6706E78}.Debug|Any CPU.ActiveCfg = Debug|Any CPU
		{5833C839-3C8C-43E3-A7FE-D9E6E6706E78}.Debug|Any CPU.Build.0 = Debug|Any CPU
		{5833C839-3C8C-43E3-A7FE-D9E6E6706E78}.Release|Any CPU.ActiveCfg = Release|Any CPU
		{5833C839-3C8C-43E3-A7FE-D9E6E6706E78}.Release|Any CPU.Build.0 = Release|Any CPU
	EndGlobalSection
	GlobalSection(SolutionProperties) = preSolution
		HideSolutionNode = FALSE
	EndGlobalSection
	GlobalSection(ExtensibilityGlobals) = postSolution
		SolutionGuid = {BD2A231C-9329-4355-8403-B79012860B5C}
	EndGlobalSection
EndGlobal
